Microsoft Visual Studio Solution File, Format Version 12.00
# Visual Studio Version 17
VisualStudioVersion = 17.5.2.0
MinimumVisualStudioVersion = 10.0.40219.1
Project("{FAE04EC0-301F-11D3-BF4B-00C04F79EFBC}") = "YourPersona", "YourPersona.csproj", "{D28CCAF3-BBAF-C203-DCCE-19453811B044}"
EndProject
Global
	GlobalSection(SolutionConfigurationPlatforms) = preSolution
		Debug|Any CPU = Debug|Any CPU
		Release|Any CPU = Release|Any CPU
	EndGlobalSection
	GlobalSection(ProjectConfigurationPlatforms) = postSolution
		{D28CCAF3-BBAF-C203-DCCE-19453811B044}.Debug|Any CPU.ActiveCfg = Debug|Any CPU
		{D28CCAF3-BBAF-C203-DCCE-19453811B044}.Debug|Any CPU.Build.0 = Debug|Any CPU
		{D28CCAF3-BBAF-C203-DCCE-19453811B044}.Release|Any CPU.ActiveCfg = Release|Any CPU
		{D28CCAF3-BBAF-C203-DCCE-19453811B044}.Release|Any CPU.Build.0 = Release|Any CPU
	EndGlobalSection
	GlobalSection(SolutionProperties) = preSolution
		HideSolutionNode = FALSE
	EndGlobalSection
	GlobalSection(ExtensibilityGlobals) = postSolution
		SolutionGuid = {F674D12C-5C8C-44A8-A7CE-60608AD331B3}
	EndGlobalSection
EndGlobal
